{
  "originHash" : "ac2847dac055b6482cc85f1088b6b5fc7f8822001a6a0944495d4a64deb106b1",
  "pins" : [
    {
      "identity" : "alerttoast",
      "kind" : "remoteSourceControl",
      "location" : "https://github.com/elai950/AlertToast.git",
      "state" : {
        "branch" : "master",
        "revision" : "638f38f9daf08e17b7caea22d2fcb9c0a418d1b6"
      }
    },
    {
      "identity" : "colorful",
      "kind" : "remoteSourceControl",
      "location" : "https://github.com/Lakr233/Colorful.git",
      "state" : {
        "revision" : "0bcf960c856d9f7cde10a0b464208585736c5e47",
        "version" : "1.1.0"
      }
    },
    {
      "identity" : "ddmathparser",
      "kind" : "remoteSourceControl",
      "location" : "https://github.com/davedelong/DDMathParser.git",
      "state" : {
        "revision" : "0a159109e2393c3e1db4e2b638009c82e6650b4d",
        "version" : "3.1.0"
      }
    },
    {
      "identity" : "gptencoder",
      "kind" : "remoteSourceControl",
      "location" : "https://github.com/alfianlosari/GPTEncoder.git",
      "state" : {
        "revision" : "a86968867ab4380e36b904a14c42215f71efe8b4",
        "version" : "1.0.4"
      }
    },
    {
      "identity" : "highlightr",
      "kind" : "remoteSourceControl",
      "location" : "https://github.com/raspu/Highlightr",
      "state" : {
        "revision" : "93199b9e434f04bda956a613af8f571933f9f037",
        "version" : "2.1.2"
      }
    },
    {
      "identity" : "mathjaxswift",
      "kind" : "remoteSourceControl",
      "location" : "https://github.com/colinc86/MathJaxSwift",
      "state" : {
        "revision" : "e23d6eab941da699ac4a60fb0e60f3ba5c937459",
        "version" : "3.4.0"
      }
    },
    {
      "identity" : "networkimage",
      "kind" : "remoteSourceControl",
      "location" : "https://github.com/gonzalezreal/NetworkImage",
      "state" : {
        "revision" : "7aff8d1b31148d32c5933d75557d42f6323ee3d1",
        "version" : "6.0.0"
      }
    },
    {
      "identity" : "sparkle",
      "kind" : "remoteSourceControl",
      "location" : "https://github.com/sparkle-project/Sparkle",
      "state" : {
        "revision" : "0a4caaf7a81eea2cece651ef4b17331fa0634dff",
        "version" : "2.6.0"
      }
    },
    {
      "identity" : "svgview",
      "kind" : "remoteSourceControl",
      "location" : "https://github.com/exyte/SVGView",
      "state" : {
        "revision" : "6465962facdd25cb96eaebc35603afa2f15d2c0d",
        "version" : "1.0.6"
      }
    },
    {
      "identity" : "swift-html-entities",
      "kind" : "remoteSourceControl",
      "location" : "https://github.com/Kitura/swift-html-entities",
      "state" : {
        "revision" : "d8ca73197f59ce260c71bd6d7f6eb8bbdccf508b",
        "version" : "4.0.1"
      }
    },
    {
      "identity" : "swiftsoup",
      "kind" : "remoteSourceControl",
      "location" : "https://github.com/scinfu/SwiftSoup.git",
      "state" : {
        "revision" : "028487d4a8a291b2fe1b4392b5425b6172056148",
        "version" : "2.7.2"
      }
    },
    {
      "identity" : "swiftui-wrapping-stack",
      "kind" : "remoteSourceControl",
      "location" : "https://github.com/diniska/swiftui-wrapping-stack",
      "state" : {
        "revision" : "1e6b0fffe902cf3ffc102af5e7c0c4767cbc09e0",
        "version" : "1.1.0"
      }
    },
    {
      "identity" : "tiktoken",
      "kind" : "remoteSourceControl",
      "location" : "https://github.com/aespinilla/Tiktoken.git",
      "state" : {
        "branch" : "main",
        "revision" : "4ad6460448278f7a28f1e4ee2723500369f20acb"
      }
    }
  ],
  "version" : 3
}
